{
  "object": {
    "pins": [
      {
        "package": "swift-arithmetics",
        "repositoryURL": "https://github.com/alexandrehsaad/swift-arithmetics",
        "state": {
          "branch": "main",
          "revision": "497b63c3cef2dc96088c344afdbb21d4459b676d",
          "version": null
        }
      },
      {
        "package": "swift-measures",
        "repositoryURL": "https://github.com/alexandrehsaad/swift-measures",
        "state": {
          "branch": "main",
          "revision": "01889e0c761749668575b4b309593c8eb75e94dc",
          "version": null
        }
      }
    ]
  },
  "version": 1
}
